<?xml version="1.0" encoding="utf-8"?>
<Project ToolsVersion="4.0" xmlns="http://schemas.microsoft.com/developer/msbuild/2003">
  <ItemGroup>
    <Filter Include="Source Files">
      <UniqueIdentifier>{4FC737F1-C7A5-4376-A066-2A32D752A2FF}</UniqueIdentifier>
      <Extensions>cpp;c;cc;cxx;def;odl;idl;hpj;bat;asm;asmx</Extensions>
    </Filter>
    <Filter Include="Header Files">
      <UniqueIdentifier>{93995380-89BD-4b04-88EB-625FBE52EBFB}</UniqueIdentifier>
      <Extensions>h;hh;hpp;hxx;hm;inl;inc;xsd</Extensions>
    </Filter>
    <Filter Include="Resource Files">
      <UniqueIdentifier>{D9D6E242-F8AF-46E4-B9FD-80ECBC20BA3E}</UniqueIdentifier>
      <Extensions>qrc;*</Extensions>
      <ParseFiles>false</ParseFiles>
    </Filter>
    <Filter Include="Resource Files">
      <UniqueIdentifier>{D9D6E242-F8AF-46E4-B9FD-80ECBC20BA3E}</UniqueIdentifier>
      <Extensions>qrc;*</Extensions>
      <ParseFiles>false</ParseFiles>
    </Filter>
  </ItemGroup>
  <ItemGroup>
    <ClCompile Include="main.cpp">
      <Filter>Source Files</Filter>
    </ClCompile>
    <ClCompile Include="Includes\InvertFilter.cpp">
      <Filter>Source Files</Filter>
    </ClCompile>
    <ClCompile Include="Includes\MatrixFilter.cpp">
      <Filter>Source Files</Filter>
    </ClCompile>
    <ClCompile Include="Includes\Utils.h">
      <Filter>Header Files</Filter>
    </ClCompile>
    <ClCompile Include="Includes\BlurFilter.cpp">
      <Filter>Source Files</Filter>
    </ClCompile>
    <ClCompile Include="Includes\GaussianBlurFilter.cpp">
      <Filter>Source Files</Filter>
    </ClCompile>
    <ClCompile Include="Includes\WavesFilter.cpp">
      <Filter>Source Files</Filter>
    </ClCompile>
    <ClCompile Include="Includes\MirrorFilter.cpp">
      <Filter>Source Files</Filter>
    </ClCompile>
    <ClCompile Include="Includes\SharpnessFilter.cpp">
      <Filter>Source Files</Filter>
    </ClCompile>
    <ClCompile Include="Includes\MotionBlurFilter.cpp">
      <Filter>Source Files</Filter>
    </ClCompile>
    <ClCompile Include="Includes\MedianIntensityFilter.cpp">
      <Filter>Source Files</Filter>
    </ClCompile>
    <ClCompile Include="Includes\Intensity.cpp">
      <Filter>Source Files</Filter>
    </ClCompile>
    <ClCompile Include="Includes\GrayScaleFilter.cpp">
      <Filter>Source Files</Filter>
    </ClCompile>
    <ClCompile Include="Includes\SepiaFilter.cpp">
      <Filter>Source Files</Filter>
    </ClCompile>
    <ClCompile Include="Includes\BrightnessFilter.cpp">
      <Filter>Source Files</Filter>
    </ClCompile>
    <ClCompile Include="Includes\SharpnessFilter_2.cpp">
      <Filter>Source Files</Filter>
    </ClCompile>
    <ClCompile Include="Includes\SobelYFilter.cpp">
      <Filter>Source Files</Filter>
    </ClCompile>
    <ClCompile Include="Includes\SobelXFilter.cpp">
      <Filter>Source Files</Filter>
    </ClCompile>
    <ClCompile Include="Includes\GrayWorldFilter.cpp">
      <Filter>Source Files</Filter>
    </ClCompile>
    <ClCompile Include="Includes\HistogramLinearStretchFilter.cpp">
      <Filter>Source Files</Filter>
    </ClCompile>
    <ClCompile Include="Includes\Mask.cpp">
      <Filter>Source Files</Filter>
    </ClCompile>
    <ClCompile Include="Includes\DilationMorphology.cpp">
      <Filter>Source Files</Filter>
    </ClCompile>
    <ClCompile Include="Includes\ErosionMorphology.cpp">
      <Filter>Source Files</Filter>
    </ClCompile>
    <ClCompile Include="Includes\OpeningMorphology.cpp">
      <Filter>Source Files</Filter>
    </ClCompile>
    <ClCompile Include="Includes\ClosingMorphology.cpp">
      <Filter>Source Files</Filter>
    </ClCompile>
    <ClCompile Include="Includes\TopHatMorphology.cpp">
      <Filter>Source Files</Filter>
    </ClCompile>
    <ClCompile Include="Includes\GammaCorrectionFilter.cpp">
      <Filter>Source Files</Filter>
    </ClCompile>
  </ItemGroup>
  <ItemGroup>
    <ClInclude Include="Includes\Filter.h">
      <Filter>Header Files</Filter>
    </ClInclude>
    <ClInclude Include="Includes\InvertFilter.h">
      <Filter>Header Files</Filter>
    </ClInclude>
    <ClInclude Include="Includes\MatrixFilter.h">
      <Filter>Header Files</Filter>
    </ClInclude>
    <ClInclude Include="Includes\BlurFilter.h">
      <Filter>Header Files</Filter>
    </ClInclude>
    <ClInclude Include="Includes\GaussianBlurFilter.h">
      <Filter>Header Files</Filter>
    </ClInclude>
    <ClInclude Include="Includes\WavesFilter.h">
      <Filter>Header Files</Filter>
    </ClInclude>
    <ClInclude Include="Includes\MirrorFilter.h">
      <Filter>Header Files</Filter>
    </ClInclude>
    <ClInclude Include="Includes\SharpnessFilter.h">
      <Filter>Header Files</Filter>
    </ClInclude>
    <ClInclude Include="Includes\MotionBlurFilter.h">
      <Filter>Header Files</Filter>
    </ClInclude>
    <ClInclude Include="Includes\MedianIntensityFilter.h">
      <Filter>Header Files</Filter>
    </ClInclude>
    <ClInclude Include="Includes\Intensity.h">
      <Filter>Header Files</Filter>
    </ClInclude>
    <ClInclude Include="Includes\GrayScaleFilter.h">
      <Filter>Header Files</Filter>
    </ClInclude>
    <ClInclude Include="Includes\SepiaFilter.h">
      <Filter>Header Files</Filter>
    </ClInclude>
    <ClInclude Include="Includes\BrightnessFilter.h">
      <Filter>Header Files</Filter>
    </ClInclude>
    <ClInclude Include="Includes\SharpnessFilter_2.h">
      <Filter>Header Files</Filter>
    </ClInclude>
    <ClInclude Include="Includes\SobelYFilter.h">
      <Filter>Header Files</Filter>
    </ClInclude>
    <ClInclude Include="Includes\SobelXFilter.h">
      <Filter>Header Files</Filter>
    </ClInclude>
    <ClInclude Include="Includes\GrayWorldFilter.h">
      <Filter>Header Files</Filter>
    </ClInclude>
    <ClInclude Include="Includes\Morphology.h">
      <Filter>Header Files</Filter>
    </ClInclude>
    <ClInclude Include="Includes\HistogramLinearStretchFilter.h">
      <Filter>Header Files</Filter>
    </ClInclude>
    <ClInclude Include="Includes\Mask.h">
      <Filter>Header Files</Filter>
    </ClInclude>
    <ClInclude Include="Includes\DilationMorphology.h">
      <Filter>Header Files</Filter>
    </ClInclude>
    <ClInclude Include="Includes\ErosionMorphology.h">
      <Filter>Header Files</Filter>
    </ClInclude>
    <ClInclude Include="Includes\OpeningMorphology.h">
      <Filter>Header Files</Filter>
    </ClInclude>
    <ClInclude Include="Includes\ClosingMorphology.h">
      <Filter>Header Files</Filter>
    </ClInclude>
    <ClInclude Include="Includes\TopHatMorphology.h">
      <Filter>Header Files</Filter>
    </ClInclude>
    <ClInclude Include="Includes\GammaCorrectionFilter.h">
      <Filter>Header Files</Filter>
    </ClInclude>
  </ItemGroup>
</Project>